
Microsoft Visual Studio Solution File, Format Version 12.00
# Visual Studio Version 16
VisualStudioVersion = 16.0.30406.217
MinimumVisualStudioVersion = 10.0.40219.1
Project("{FAE04EC0-301F-11D3-BF4B-00C04F79EFBC}") = "Connect-4", "Connect-4.csproj", "{81B142AE-8573-40AA-B48F-512DA97EC068}"
EndProject
Global
	GlobalSection(SolutionConfigurationPlatforms) = preSolution
		Debug|Any CPU = Debug|Any CPU
		Release|Any CPU = Release|Any CPU
	EndGlobalSection
	GlobalSection(ProjectConfigurationPlatforms) = postSolution
		{81B142AE-8573-40AA-B48F-512DA97EC068}.Debug|Any CPU.ActiveCfg = Debug|Any CPU
		{81B142AE-8573-40AA-B48F-512DA97EC068}.Debug|Any CPU.Build.0 = Debug|Any CPU
		{81B142AE-8573-40AA-B48F-512DA97EC068}.Release|Any CPU.ActiveCfg = Release|Any CPU
		{81B142AE-8573-40AA-B48F-512DA97EC068}.Release|Any CPU.Build.0 = Release|Any CPU
	EndGlobalSection
	GlobalSection(SolutionProperties) = preSolution
		HideSolutionNode = FALSE
	EndGlobalSection
	GlobalSection(ExtensibilityGlobals) = postSolution
		SolutionGuid = {3ED85559-ADB2-42C7-A307-D5299A10E247}
	EndGlobalSection
EndGlobal
